
Microsoft Visual Studio Solution File, Format Version 12.00
# Visual Studio Version 17
VisualStudioVersion = 17.0.31903.59
MinimumVisualStudioVersion = 10.0.40219.1
Project("{9A19103F-16F7-4668-BE54-9A1E7A4F7556}") = "Customers.Api", "Unedited API\Customers.Api\Customers.Api.csproj", "{EA8D47B3-B4E2-4D60-9822-BFAF74F2DADF}"
EndProject
Project("{2150E333-8FDC-42A3-9474-1A3956D46DE8}") = "Unedited API", "Unedited API", "{1C765CCE-DD7C-4ECA-A377-BB2501651D2B}"
EndProject
Project("{2150E333-8FDC-42A3-9474-1A3956D46DE8}") = "3.Fundamentals", "3.Fundamentals", "{8FE9718E-529E-4671-BB28-D707335308D8}"
EndProject
Project("{2150E333-8FDC-42A3-9474-1A3956D46DE8}") = "tests", "tests", "{9AB32302-A2E5-47D7-AFC2-AEF0E427CC66}"
EndProject
Project("{FAE04EC0-301F-11D3-BF4B-00C04F79EFBC}") = "Customers.Api.Tests.Integration", "3.Fundamentals\tests\Customers.Api.Tests.Integration\Customers.Api.Tests.Integration.csproj", "{EDE5C448-A318-440E-AE8E-00EA39F6CD9A}"
EndProject
Project("{2150E333-8FDC-42A3-9474-1A3956D46DE8}") = "4.Techniques", "4.Techniques", "{48338BAB-2E93-4B99-BB85-2596FFFE3D05}"
EndProject
Project("{2150E333-8FDC-42A3-9474-1A3956D46DE8}") = "src", "src", "{04A5AE02-4708-43C0-84D6-14F6B7FF9DA5}"
EndProject
Project("{FAE04EC0-301F-11D3-BF4B-00C04F79EFBC}") = "Customers.Api", "4.Techniques\src\Customers.Api\Customers.Api.csproj", "{6C45C4D0-8C06-423E-A4C8-176949BA976E}"
EndProject
Project("{2150E333-8FDC-42A3-9474-1A3956D46DE8}") = "tests", "tests", "{5AF0A640-6863-4944-B85C-A292B05A1BC5}"
EndProject
Project("{FAE04EC0-301F-11D3-BF4B-00C04F79EFBC}") = "Customers.Api.Tests.Integration", "4.Techniques\tests\Customers.Api.Tests.Integration\Customers.Api.Tests.Integration.csproj", "{BD484D8B-CBB1-4CB7-83EF-A20861F09A54}"
EndProject
Project("{2150E333-8FDC-42A3-9474-1A3956D46DE8}") = "4.Fundamentals", "4.Fundamentals", "{198A5502-A2DB-4380-9C8A-5BDA50F11574}"
EndProject
Project("{2150E333-8FDC-42A3-9474-1A3956D46DE8}") = "src", "src", "{FE838F4D-4F35-45E4-9DA6-F18E4FF34196}"
EndProject
Project("{FAE04EC0-301F-11D3-BF4B-00C04F79EFBC}") = "Customers.Api", "3.Fundamentals\src\Customers.Api\Customers.Api.csproj", "{3145B09D-1F50-4047-815C-22286EE8D715}"
EndProject
Global
	GlobalSection(SolutionConfigurationPlatforms) = preSolution
		Debug|Any CPU = Debug|Any CPU
		Release|Any CPU = Release|Any CPU
	EndGlobalSection
	GlobalSection(ProjectConfigurationPlatforms) = postSolution
		{EA8D47B3-B4E2-4D60-9822-BFAF74F2DADF}.Debug|Any CPU.ActiveCfg = Debug|Any CPU
		{EA8D47B3-B4E2-4D60-9822-BFAF74F2DADF}.Debug|Any CPU.Build.0 = Debug|Any CPU
		{EA8D47B3-B4E2-4D60-9822-BFAF74F2DADF}.Release|Any CPU.ActiveCfg = Release|Any CPU
		{EA8D47B3-B4E2-4D60-9822-BFAF74F2DADF}.Release|Any CPU.Build.0 = Release|Any CPU
		{EDE5C448-A318-440E-AE8E-00EA39F6CD9A}.Debug|Any CPU.ActiveCfg = Debug|Any CPU
		{EDE5C448-A318-440E-AE8E-00EA39F6CD9A}.Debug|Any CPU.Build.0 = Debug|Any CPU
		{EDE5C448-A318-440E-AE8E-00EA39F6CD9A}.Release|Any CPU.ActiveCfg = Release|Any CPU
		{EDE5C448-A318-440E-AE8E-00EA39F6CD9A}.Release|Any CPU.Build.0 = Release|Any CPU
		{6C45C4D0-8C06-423E-A4C8-176949BA976E}.Debug|Any CPU.ActiveCfg = Debug|Any CPU
		{6C45C4D0-8C06-423E-A4C8-176949BA976E}.Debug|Any CPU.Build.0 = Debug|Any CPU
		{6C45C4D0-8C06-423E-A4C8-176949BA976E}.Release|Any CPU.ActiveCfg = Release|Any CPU
		{6C45C4D0-8C06-423E-A4C8-176949BA976E}.Release|Any CPU.Build.0 = Release|Any CPU
		{BD484D8B-CBB1-4CB7-83EF-A20861F09A54}.Debug|Any CPU.ActiveCfg = Debug|Any CPU
		{BD484D8B-CBB1-4CB7-83EF-A20861F09A54}.Debug|Any CPU.Build.0 = Debug|Any CPU
		{BD484D8B-CBB1-4CB7-83EF-A20861F09A54}.Release|Any CPU.ActiveCfg = Release|Any CPU
		{BD484D8B-CBB1-4CB7-83EF-A20861F09A54}.Release|Any CPU.Build.0 = Release|Any CPU
		{3145B09D-1F50-4047-815C-22286EE8D715}.Debug|Any CPU.ActiveCfg = Debug|Any CPU
		{3145B09D-1F50-4047-815C-22286EE8D715}.Debug|Any CPU.Build.0 = Debug|Any CPU
		{3145B09D-1F50-4047-815C-22286EE8D715}.Release|Any CPU.ActiveCfg = Release|Any CPU
		{3145B09D-1F50-4047-815C-22286EE8D715}.Release|Any CPU.Build.0 = Release|Any CPU
	EndGlobalSection
	GlobalSection(SolutionProperties) = preSolution
		HideSolutionNode = FALSE
	EndGlobalSection
	GlobalSection(NestedProjects) = preSolution
		{EA8D47B3-B4E2-4D60-9822-BFAF74F2DADF} = {1C765CCE-DD7C-4ECA-A377-BB2501651D2B}
		{33A0D37C-2E3B-4DC0-AF10-7E841B364325} = {8FE9718E-529E-4671-BB28-D707335308D8}
		{9AB32302-A2E5-47D7-AFC2-AEF0E427CC66} = {8FE9718E-529E-4671-BB28-D707335308D8}
		{EDE5C448-A318-440E-AE8E-00EA39F6CD9A} = {9AB32302-A2E5-47D7-AFC2-AEF0E427CC66}
		{04A5AE02-4708-43C0-84D6-14F6B7FF9DA5} = {48338BAB-2E93-4B99-BB85-2596FFFE3D05}
		{6C45C4D0-8C06-423E-A4C8-176949BA976E} = {04A5AE02-4708-43C0-84D6-14F6B7FF9DA5}
		{5AF0A640-6863-4944-B85C-A292B05A1BC5} = {48338BAB-2E93-4B99-BB85-2596FFFE3D05}
		{BD484D8B-CBB1-4CB7-83EF-A20861F09A54} = {5AF0A640-6863-4944-B85C-A292B05A1BC5}
		{FE838F4D-4F35-45E4-9DA6-F18E4FF34196} = {198A5502-A2DB-4380-9C8A-5BDA50F11574}
		{3145B09D-1F50-4047-815C-22286EE8D715} = {FE838F4D-4F35-45E4-9DA6-F18E4FF34196}
	EndGlobalSection
	GlobalSection(ExtensibilityGlobals) = postSolution
		SolutionGuid = {AF7CA8BF-3D03-4570-A100-D30E70EC78C6}
	EndGlobalSection
EndGlobal
