
Microsoft Visual Studio Solution File, Format Version 12.00
# Visual Studio Version 17
VisualStudioVersion = 17.0.31903.59
MinimumVisualStudioVersion = 10.0.40219.1
Project("{9A19103F-16F7-4668-BE54-9A1E7A4F7556}") = "Customers.Api", "Unedited API\Customers.Api\Customers.Api.csproj", "{EA8D47B3-B4E2-4D60-9822-BFAF74F2DADF}"
EndProject
Project("{2150E333-8FDC-42A3-9474-1A3956D46DE8}") = "Unedited API", "Unedited API", "{1C765CCE-DD7C-4ECA-A377-BB2501651D2B}"
EndProject
Global
	GlobalSection(SolutionConfigurationPlatforms) = preSolution
		Debug|Any CPU = Debug|Any CPU
		Release|Any CPU = Release|Any CPU
	EndGlobalSection
	GlobalSection(ProjectConfigurationPlatforms) = postSolution
		{EA8D47B3-B4E2-4D60-9822-BFAF74F2DADF}.Debug|Any CPU.ActiveCfg = Debug|Any CPU
		{EA8D47B3-B4E2-4D60-9822-BFAF74F2DADF}.Debug|Any CPU.Build.0 = Debug|Any CPU
		{EA8D47B3-B4E2-4D60-9822-BFAF74F2DADF}.Release|Any CPU.ActiveCfg = Release|Any CPU
		{EA8D47B3-B4E2-4D60-9822-BFAF74F2DADF}.Release|Any CPU.Build.0 = Release|Any CPU
	EndGlobalSection
	GlobalSection(SolutionProperties) = preSolution
		HideSolutionNode = FALSE
	EndGlobalSection
	GlobalSection(NestedProjects) = preSolution
		{EA8D47B3-B4E2-4D60-9822-BFAF74F2DADF} = {1C765CCE-DD7C-4ECA-A377-BB2501651D2B}
	EndGlobalSection
	GlobalSection(ExtensibilityGlobals) = postSolution
		SolutionGuid = {AF7CA8BF-3D03-4570-A100-D30E70EC78C6}
	EndGlobalSection
EndGlobal
